// !$*UTF8*$!
{
	archiveVersion = 1;
	classes = {
	};
	objectVersion = 50;
	objects = {

/* Begin PBXBuildFile section */
		79354DA424C198E500BEAF8B /* AppDelegate.swift in Sources */ = {isa = PBXBuildFile; fileRef = 79354DA324C198E500BEAF8B /* AppDelegate.swift */; };
		79354DA624C198E500BEAF8B /* SceneDelegate.swift in Sources */ = {isa = PBXBuildFile; fileRef = 79354DA524C198E500BEAF8B /* SceneDelegate.swift */; };
		79354DA824C198E500BEAF8B /* MainViewController.swift in Sources */ = {isa = PBXBuildFile; fileRef = 79354DA724C198E500BEAF8B /* MainViewController.swift */; };
		79354DAB24C198E500BEAF8B /* Main.storyboard in Resources */ = {isa = PBXBuildFile; fileRef = 79354DA924C198E500BEAF8B /* Main.storyboard */; };
		79354DAE24C198E500BEAF8B /* ChNJokes.xcdatamodeld in Sources */ = {isa = PBXBuildFile; fileRef = 79354DAC24C198E500BEAF8B /* ChNJokes.xcdatamodeld */; };
		79354DB024C198E700BEAF8B /* Assets.xcassets in Resources */ = {isa = PBXBuildFile; fileRef = 79354DAF24C198E700BEAF8B /* Assets.xcassets */; };
		79354DB324C198E700BEAF8B /* LaunchScreen.storyboard in Resources */ = {isa = PBXBuildFile; fileRef = 79354DB124C198E700BEAF8B /* LaunchScreen.storyboard */; };
		79354DBB24C19D0A00BEAF8B /* Builder.swift in Sources */ = {isa = PBXBuildFile; fileRef = 79354DBA24C19D0A00BEAF8B /* Builder.swift */; };
		79354DBD24C19D1900BEAF8B /* MainPresenter.swift in Sources */ = {isa = PBXBuildFile; fileRef = 79354DBC24C19D1900BEAF8B /* MainPresenter.swift */; };
		79354DC424C1AA1900BEAF8B /* MainViewController.xib in Resources */ = {isa = PBXBuildFile; fileRef = 79354DC324C1AA1900BEAF8B /* MainViewController.xib */; };
/* End PBXBuildFile section */

/* Begin PBXFileReference section */
		79354DA024C198E500BEAF8B /* ChNJokes.app */ = {isa = PBXFileReference; explicitFileType = wrapper.application; includeInIndex = 0; path = ChNJokes.app; sourceTree = BUILT_PRODUCTS_DIR; };
		79354DA324C198E500BEAF8B /* AppDelegate.swift */ = {isa = PBXFileReference; lastKnownFileType = sourcecode.swift; path = AppDelegate.swift; sourceTree = "<group>"; };
		79354DA524C198E500BEAF8B /* SceneDelegate.swift */ = {isa = PBXFileReference; lastKnownFileType = sourcecode.swift; path = SceneDelegate.swift; sourceTree = "<group>"; };
		79354DA724C198E500BEAF8B /* MainViewController.swift */ = {isa = PBXFileReference; lastKnownFileType = sourcecode.swift; path = MainViewController.swift; sourceTree = "<group>"; };
		79354DAA24C198E500BEAF8B /* Base */ = {isa = PBXFileReference; lastKnownFileType = file.storyboard; name = Base; path = Base.lproj/Main.storyboard; sourceTree = "<group>"; };
		79354DAD24C198E500BEAF8B /* ChNJokes.xcdatamodel */ = {isa = PBXFileReference; lastKnownFileType = wrapper.xcdatamodel; path = ChNJokes.xcdatamodel; sourceTree = "<group>"; };
		79354DAF24C198E700BEAF8B /* Assets.xcassets */ = {isa = PBXFileReference; lastKnownFileType = folder.assetcatalog; path = Assets.xcassets; sourceTree = "<group>"; };
		79354DB224C198E700BEAF8B /* Base */ = {isa = PBXFileReference; lastKnownFileType = file.storyboard; name = Base; path = Base.lproj/LaunchScreen.storyboard; sourceTree = "<group>"; };
		79354DB424C198E700BEAF8B /* Info.plist */ = {isa = PBXFileReference; lastKnownFileType = text.plist.xml; path = Info.plist; sourceTree = "<group>"; };
		79354DBA24C19D0A00BEAF8B /* Builder.swift */ = {isa = PBXFileReference; lastKnownFileType = sourcecode.swift; path = Builder.swift; sourceTree = "<group>"; };
		79354DBC24C19D1900BEAF8B /* MainPresenter.swift */ = {isa = PBXFileReference; lastKnownFileType = sourcecode.swift; path = MainPresenter.swift; sourceTree = "<group>"; };
		79354DC324C1AA1900BEAF8B /* MainViewController.xib */ = {isa = PBXFileReference; lastKnownFileType = file.xib; path = MainViewController.xib; sourceTree = "<group>"; };
/* End PBXFileReference section */

/* Begin PBXFrameworksBuildPhase section */
		79354D9D24C198E500BEAF8B /* Frameworks */ = {
			isa = PBXFrameworksBuildPhase;
			buildActionMask = 2147483647;
			files = (
			);
			runOnlyForDeploymentPostprocessing = 0;
		};
/* End PBXFrameworksBuildPhase section */

/* Begin PBXGroup section */
		79354D9724C198E500BEAF8B = {
			isa = PBXGroup;
			children = (
				79354DA224C198E500BEAF8B /* ChNJokes */,
				79354DA124C198E500BEAF8B /* Products */,
			);
			sourceTree = "<group>";
		};
		79354DA124C198E500BEAF8B /* Products */ = {
			isa = PBXGroup;
			children = (
				79354DA024C198E500BEAF8B /* ChNJokes.app */,
			);
			name = Products;
			sourceTree = "<group>";
		};
		79354DA224C198E500BEAF8B /* ChNJokes */ = {
			isa = PBXGroup;
			children = (
				79354DA324C198E500BEAF8B /* AppDelegate.swift */,
				79354DA524C198E500BEAF8B /* SceneDelegate.swift */,
				79354DBA24C19D0A00BEAF8B /* Builder.swift */,
				79354DBE24C19D2700BEAF8B /* MainModule */,
				79354DA924C198E500BEAF8B /* Main.storyboard */,
				79354DAF24C198E700BEAF8B /* Assets.xcassets */,
				79354DB124C198E700BEAF8B /* LaunchScreen.storyboard */,
				79354DB424C198E700BEAF8B /* Info.plist */,
				79354DAC24C198E500BEAF8B /* ChNJokes.xcdatamodeld */,
			);
			path = ChNJokes;
			sourceTree = "<group>";
		};
		79354DBE24C19D2700BEAF8B /* MainModule */ = {
			isa = PBXGroup;
			children = (
				79354DC024C19D3D00BEAF8B /* View */,
				79354DBF24C19D3100BEAF8B /* Presenter */,
			);
			path = MainModule;
			sourceTree = "<group>";
		};
		79354DBF24C19D3100BEAF8B /* Presenter */ = {
			isa = PBXGroup;
			children = (
				79354DBC24C19D1900BEAF8B /* MainPresenter.swift */,
			);
			path = Presenter;
			sourceTree = "<group>";
		};
		79354DC024C19D3D00BEAF8B /* View */ = {
			isa = PBXGroup;
			children = (
				79354DA724C198E500BEAF8B /* MainViewController.swift */,
				79354DC324C1AA1900BEAF8B /* MainViewController.xib */,
			);
			path = View;
			sourceTree = "<group>";
		};
/* End PBXGroup section */

/* Begin PBXNativeTarget section */
		79354D9F24C198E500BEAF8B /* ChNJokes */ = {
			isa = PBXNativeTarget;
			buildConfigurationList = 79354DB724C198E700BEAF8B /* Build configuration list for PBXNativeTarget "ChNJokes" */;
			buildPhases = (
				79354D9C24C198E500BEAF8B /* Sources */,
				79354D9D24C198E500BEAF8B /* Frameworks */,
				79354D9E24C198E500BEAF8B /* Resources */,
				79354DC524C1AB2400BEAF8B /* ShellScript */,
			);
			buildRules = (
			);
			dependencies = (
			);
			name = ChNJokes;
			productName = ChNJokes;
			productReference = 79354DA024C198E500BEAF8B /* ChNJokes.app */;
			productType = "com.apple.product-type.application";
		};
/* End PBXNativeTarget section */

/* Begin PBXProject section */
		79354D9824C198E500BEAF8B /* Project object */ = {
			isa = PBXProject;
			attributes = {
				LastSwiftUpdateCheck = 1150;
				LastUpgradeCheck = 1150;
				ORGANIZATIONNAME = "Temirlan Dzodziev";
				TargetAttributes = {
					79354D9F24C198E500BEAF8B = {
						CreatedOnToolsVersion = 11.5;
					};
				};
			};
			buildConfigurationList = 79354D9B24C198E500BEAF8B /* Build configuration list for PBXProject "ChNJokes" */;
			compatibilityVersion = "Xcode 9.3";
			developmentRegion = en;
			hasScannedForEncodings = 0;
			knownRegions = (
				en,
				Base,
			);
			mainGroup = 79354D9724C198E500BEAF8B;
			productRefGroup = 79354DA124C198E500BEAF8B /* Products */;
			projectDirPath = "";
			projectRoot = "";
			targets = (
				79354D9F24C198E500BEAF8B /* ChNJokes */,
			);
		};
/* End PBXProject section */

/* Begin PBXResourcesBuildPhase section */
		79354D9E24C198E500BEAF8B /* Resources */ = {
			isa = PBXResourcesBuildPhase;
			buildActionMask = 2147483647;
			files = (
				79354DB324C198E700BEAF8B /* LaunchScreen.storyboard in Resources */,
				79354DB024C198E700BEAF8B /* Assets.xcassets in Resources */,
				79354DAB24C198E500BEAF8B /* Main.storyboard in Resources */,
				79354DC424C1AA1900BEAF8B /* MainViewController.xib in Resources */,
			);
			runOnlyForDeploymentPostprocessing = 0;
		};
/* End PBXResourcesBuildPhase section */

/* Begin PBXShellScriptBuildPhase section */
		79354DC524C1AB2400BEAF8B /* ShellScript */ = {
			isa = PBXShellScriptBuildPhase;
			buildActionMask = 2147483647;
			files = (
			);
			inputFileListPaths = (
			);
			inputPaths = (
			);
			outputFileListPaths = (
			);
			outputPaths = (
			);
			runOnlyForDeploymentPostprocessing = 0;
			shellPath = /bin/sh;
			shellScript = "\nif which swiftlint >/dev/null; then\n  swiftlint\nelse\n  echo \"error: SwiftLint does not exist, download it from https://github.com/realm/SwiftLint\"\n  exit 1\nfi\n";
		};
/* End PBXShellScriptBuildPhase section */

/* Begin PBXSourcesBuildPhase section */
		79354D9C24C198E500BEAF8B /* Sources */ = {
			isa = PBXSourcesBuildPhase;
			buildActionMask = 2147483647;
			files = (
				79354DA824C198E500BEAF8B /* MainViewController.swift in Sources */,
				79354DBD24C19D1900BEAF8B /* MainPresenter.swift in Sources */,
				79354DA424C198E500BEAF8B /* AppDelegate.swift in Sources */,
				79354DAE24C198E500BEAF8B /* ChNJokes.xcdatamodeld in Sources */,
				79354DA624C198E500BEAF8B /* SceneDelegate.swift in Sources */,
				79354DBB24C19D0A00BEAF8B /* Builder.swift in Sources */,
			);
			runOnlyForDeploymentPostprocessing = 0;
		};
/* End PBXSourcesBuildPhase section */

/* Begin PBXVariantGroup section */
		79354DA924C198E500BEAF8B /* Main.storyboard */ = {
			isa = PBXVariantGroup;
			children = (
				79354DAA24C198E500BEAF8B /* Base */,
			);
			name = Main.storyboard;
			sourceTree = "<group>";
		};
		79354DB124C198E700BEAF8B /* LaunchScreen.storyboard */ = {
			isa = PBXVariantGroup;
			children = (
				79354DB224C198E700BEAF8B /* Base */,
			);
			name = LaunchScreen.storyboard;
			sourceTree = "<group>";
		};
/* End PBXVariantGroup section */

/* Begin XCBuildConfiguration section */
		79354DB524C198E700BEAF8B /* Debug */ = {
			isa = XCBuildConfiguration;
			buildSettings = {
				ALWAYS_SEARCH_USER_PATHS = NO;
				CLANG_ANALYZER_NONNULL = YES;
				CLANG_ANALYZER_NUMBER_OBJECT_CONVERSION = YES_AGGRESSIVE;
				CLANG_CXX_LANGUAGE_STANDARD = "gnu++14";
				CLANG_CXX_LIBRARY = "libc++";
				CLANG_ENABLE_MODULES = YES;
				CLANG_ENABLE_OBJC_ARC = YES;
				CLANG_ENABLE_OBJC_WEAK = YES;
				CLANG_WARN_BLOCK_CAPTURE_AUTORELEASING = YES;
				CLANG_WARN_BOOL_CONVERSION = YES;
				CLANG_WARN_COMMA = YES;
				CLANG_WARN_CONSTANT_CONVERSION = YES;
				CLANG_WARN_DEPRECATED_OBJC_IMPLEMENTATIONS = YES;
				CLANG_WARN_DIRECT_OBJC_ISA_USAGE = YES_ERROR;
				CLANG_WARN_DOCUMENTATION_COMMENTS = YES;
				CLANG_WARN_EMPTY_BODY = YES;
				CLANG_WARN_ENUM_CONVERSION = YES;
				CLANG_WARN_INFINITE_RECURSION = YES;
				CLANG_WARN_INT_CONVERSION = YES;
				CLANG_WARN_NON_LITERAL_NULL_CONVERSION = YES;
				CLANG_WARN_OBJC_IMPLICIT_RETAIN_SELF = YES;
				CLANG_WARN_OBJC_LITERAL_CONVERSION = YES;
				CLANG_WARN_OBJC_ROOT_CLASS = YES_ERROR;
				CLANG_WARN_RANGE_LOOP_ANALYSIS = YES;
				CLANG_WARN_STRICT_PROTOTYPES = YES;
				CLANG_WARN_SUSPICIOUS_MOVE = YES;
				CLANG_WARN_UNGUARDED_AVAILABILITY = YES_AGGRESSIVE;
				CLANG_WARN_UNREACHABLE_CODE = YES;
				CLANG_WARN__DUPLICATE_METHOD_MATCH = YES;
				COPY_PHASE_STRIP = NO;
				DEBUG_INFORMATION_FORMAT = dwarf;
				ENABLE_STRICT_OBJC_MSGSEND = YES;
				ENABLE_TESTABILITY = YES;
				GCC_C_LANGUAGE_STANDARD = gnu11;
				GCC_DYNAMIC_NO_PIC = NO;
				GCC_NO_COMMON_BLOCKS = YES;
				GCC_OPTIMIZATION_LEVEL = 0;
				GCC_PREPROCESSOR_DEFINITIONS = (
					"DEBUG=1",
					"$(inherited)",
				);
				GCC_WARN_64_TO_32_BIT_CONVERSION = YES;
				GCC_WARN_ABOUT_RETURN_TYPE = YES_ERROR;
				GCC_WARN_UNDECLARED_SELECTOR = YES;
				GCC_WARN_UNINITIALIZED_AUTOS = YES_AGGRESSIVE;
				GCC_WARN_UNUSED_FUNCTION = YES;
				GCC_WARN_UNUSED_VARIABLE = YES;
				IPHONEOS_DEPLOYMENT_TARGET = 13.5;
				MTL_ENABLE_DEBUG_INFO = INCLUDE_SOURCE;
				MTL_FAST_MATH = YES;
				ONLY_ACTIVE_ARCH = YES;
				SDKROOT = iphoneos;
				SWIFT_ACTIVE_COMPILATION_CONDITIONS = DEBUG;
				SWIFT_OPTIMIZATION_LEVEL = "-Onone";
			};
			name = Debug;
		};
		79354DB624C198E700BEAF8B /* Release */ = {
			isa = XCBuildConfiguration;
			buildSettings = {
				ALWAYS_SEARCH_USER_PATHS = NO;
				CLANG_ANALYZER_NONNULL = YES;
				CLANG_ANALYZER_NUMBER_OBJECT_CONVERSION = YES_AGGRESSIVE;
				CLANG_CXX_LANGUAGE_STANDARD = "gnu++14";
				CLANG_CXX_LIBRARY = "libc++";
				CLANG_ENABLE_MODULES = YES;
				CLANG_ENABLE_OBJC_ARC = YES;
				CLANG_ENABLE_OBJC_WEAK = YES;
				CLANG_WARN_BLOCK_CAPTURE_AUTORELEASING = YES;
				CLANG_WARN_BOOL_CONVERSION = YES;
				CLANG_WARN_COMMA = YES;
				CLANG_WARN_CONSTANT_CONVERSION = YES;
				CLANG_WARN_DEPRECATED_OBJC_IMPLEMENTATIONS = YES;
				CLANG_WARN_DIRECT_OBJC_ISA_USAGE = YES_ERROR;
				CLANG_WARN_DOCUMENTATION_COMMENTS = YES;
				CLANG_WARN_EMPTY_BODY = YES;
				CLANG_WARN_ENUM_CONVERSION = YES;
				CLANG_WARN_INFINITE_RECURSION = YES;
				CLANG_WARN_INT_CONVERSION = YES;
				CLANG_WARN_NON_LITERAL_NULL_CONVERSION = YES;
				CLANG_WARN_OBJC_IMPLICIT_RETAIN_SELF = YES;
				CLANG_WARN_OBJC_LITERAL_CONVERSION = YES;
				CLANG_WARN_OBJC_ROOT_CLASS = YES_ERROR;
				CLANG_WARN_RANGE_LOOP_ANALYSIS = YES;
				CLANG_WARN_STRICT_PROTOTYPES = YES;
				CLANG_WARN_SUSPICIOUS_MOVE = YES;
				CLANG_WARN_UNGUARDED_AVAILABILITY = YES_AGGRESSIVE;
				CLANG_WARN_UNREACHABLE_CODE = YES;
				CLANG_WARN__DUPLICATE_METHOD_MATCH = YES;
				COPY_PHASE_STRIP = NO;
				DEBUG_INFORMATION_FORMAT = "dwarf-with-dsym";
				ENABLE_NS_ASSERTIONS = NO;
				ENABLE_STRICT_OBJC_MSGSEND = YES;
				GCC_C_LANGUAGE_STANDARD = gnu11;
				GCC_NO_COMMON_BLOCKS = YES;
				GCC_WARN_64_TO_32_BIT_CONVERSION = YES;
				GCC_WARN_ABOUT_RETURN_TYPE = YES_ERROR;
				GCC_WARN_UNDECLARED_SELECTOR = YES;
				GCC_WARN_UNINITIALIZED_AUTOS = YES_AGGRESSIVE;
				GCC_WARN_UNUSED_FUNCTION = YES;
				GCC_WARN_UNUSED_VARIABLE = YES;
				IPHONEOS_DEPLOYMENT_TARGET = 13.5;
				MTL_ENABLE_DEBUG_INFO = NO;
				MTL_FAST_MATH = YES;
				SDKROOT = iphoneos;
				SWIFT_COMPILATION_MODE = wholemodule;
				SWIFT_OPTIMIZATION_LEVEL = "-O";
				VALIDATE_PRODUCT = YES;
			};
			name = Release;
		};
		79354DB824C198E700BEAF8B /* Debug */ = {
			isa = XCBuildConfiguration;
			buildSettings = {
				ASSETCATALOG_COMPILER_APPICON_NAME = AppIcon;
				CODE_SIGN_STYLE = Automatic;
				DEVELOPMENT_TEAM = D6XYWNGKK3;
				INFOPLIST_FILE = ChNJokes/Info.plist;
				LD_RUNPATH_SEARCH_PATHS = (
					"$(inherited)",
					"@executable_path/Frameworks",
				);
				PRODUCT_BUNDLE_IDENTIFIER = com.tommy.1313.ChNJokes;
				PRODUCT_NAME = "$(TARGET_NAME)";
				SWIFT_VERSION = 5.0;
				TARGETED_DEVICE_FAMILY = "1,2";
			};
			name = Debug;
		};
		79354DB924C198E700BEAF8B /* Release */ = {
			isa = XCBuildConfiguration;
			buildSettings = {
				ASSETCATALOG_COMPILER_APPICON_NAME = AppIcon;
				CODE_SIGN_STYLE = Automatic;
				DEVELOPMENT_TEAM = D6XYWNGKK3;
				INFOPLIST_FILE = ChNJokes/Info.plist;
				LD_RUNPATH_SEARCH_PATHS = (
					"$(inherited)",
					"@executable_path/Frameworks",
				);
				PRODUCT_BUNDLE_IDENTIFIER = com.tommy.1313.ChNJokes;
				PRODUCT_NAME = "$(TARGET_NAME)";
				SWIFT_VERSION = 5.0;
				TARGETED_DEVICE_FAMILY = "1,2";
			};
			name = Release;
		};
/* End XCBuildConfiguration section */

/* Begin XCConfigurationList section */
		79354D9B24C198E500BEAF8B /* Build configuration list for PBXProject "ChNJokes" */ = {
			isa = XCConfigurationList;
			buildConfigurations = (
				79354DB524C198E700BEAF8B /* Debug */,
				79354DB624C198E700BEAF8B /* Release */,
			);
			defaultConfigurationIsVisible = 0;
			defaultConfigurationName = Release;
		};
		79354DB724C198E700BEAF8B /* Build configuration list for PBXNativeTarget "ChNJokes" */ = {
			isa = XCConfigurationList;
			buildConfigurations = (
				79354DB824C198E700BEAF8B /* Debug */,
				79354DB924C198E700BEAF8B /* Release */,
			);
			defaultConfigurationIsVisible = 0;
			defaultConfigurationName = Release;
		};
/* End XCConfigurationList section */

/* Begin XCVersionGroup section */
		79354DAC24C198E500BEAF8B /* ChNJokes.xcdatamodeld */ = {
			isa = XCVersionGroup;
			children = (
				79354DAD24C198E500BEAF8B /* ChNJokes.xcdatamodel */,
			);
			currentVersion = 79354DAD24C198E500BEAF8B /* ChNJokes.xcdatamodel */;
			path = ChNJokes.xcdatamodeld;
			sourceTree = "<group>";
			versionGroupType = wrapper.xcdatamodel;
		};
/* End XCVersionGroup section */
	};
	rootObject = 79354D9824C198E500BEAF8B /* Project object */;
}
